
Microsoft Visual Studio Solution File, Format Version 12.00
# Visual Studio 15
VisualStudioVersion = 15.0.27004.2008
MinimumVisualStudioVersion = 10.0.40219.1
Project("{FAE04EC0-301F-11D3-BF4B-00C04F79EFBC}") = "FRC.Portal.Data", "FRC.Portal.Data\FRC.Portal.Data.csproj", "{EB6BAF74-F5E4-4EB5-B29D-F0AC55547AB4}"
EndProject
Project("{FAE04EC0-301F-11D3-BF4B-00C04F79EFBC}") = "FRC.Portal.Common", "FRC.Portal.Common\FRC.Portal.Common.csproj", "{D1A41357-751A-4DF5-9C18-E05503B132F6}"
EndProject
Project("{FAE04EC0-301F-11D3-BF4B-00C04F79EFBC}") = "FRC.Portal.Services", "FRC.Portal.Services\FRC.Portal.Services.csproj", "{45D5A7A5-D0D2-412A-9E6D-1B6197832570}"
EndProject
Project("{FAE04EC0-301F-11D3-BF4B-00C04F79EFBC}") = "FRC.Portal.Web", "FRC.Portal.Web\FRC.Portal.Web.csproj", "{B4AA460C-178A-4D45-A044-982BCD9AFC63}"
EndProject
Project("{FAE04EC0-301F-11D3-BF4B-00C04F79EFBC}") = "Core", "Core\Core.csproj", "{6AE96BD7-0C51-45EB-9776-B8EA50E4CAAF}"
EndProject
Global
	GlobalSection(SolutionConfigurationPlatforms) = preSolution
		Debug|Any CPU = Debug|Any CPU
		Release|Any CPU = Release|Any CPU
	EndGlobalSection
	GlobalSection(ProjectConfigurationPlatforms) = postSolution
		{EB6BAF74-F5E4-4EB5-B29D-F0AC55547AB4}.Debug|Any CPU.ActiveCfg = Debug|Any CPU
		{EB6BAF74-F5E4-4EB5-B29D-F0AC55547AB4}.Debug|Any CPU.Build.0 = Debug|Any CPU
		{EB6BAF74-F5E4-4EB5-B29D-F0AC55547AB4}.Release|Any CPU.ActiveCfg = Release|Any CPU
		{EB6BAF74-F5E4-4EB5-B29D-F0AC55547AB4}.Release|Any CPU.Build.0 = Release|Any CPU
		{D1A41357-751A-4DF5-9C18-E05503B132F6}.Debug|Any CPU.ActiveCfg = Debug|Any CPU
		{D1A41357-751A-4DF5-9C18-E05503B132F6}.Debug|Any CPU.Build.0 = Debug|Any CPU
		{D1A41357-751A-4DF5-9C18-E05503B132F6}.Release|Any CPU.ActiveCfg = Release|Any CPU
		{D1A41357-751A-4DF5-9C18-E05503B132F6}.Release|Any CPU.Build.0 = Release|Any CPU
		{45D5A7A5-D0D2-412A-9E6D-1B6197832570}.Debug|Any CPU.ActiveCfg = Debug|Any CPU
		{45D5A7A5-D0D2-412A-9E6D-1B6197832570}.Debug|Any CPU.Build.0 = Debug|Any CPU
		{45D5A7A5-D0D2-412A-9E6D-1B6197832570}.Release|Any CPU.ActiveCfg = Release|Any CPU
		{45D5A7A5-D0D2-412A-9E6D-1B6197832570}.Release|Any CPU.Build.0 = Release|Any CPU
		{B4AA460C-178A-4D45-A044-982BCD9AFC63}.Debug|Any CPU.ActiveCfg = Debug|Any CPU
		{B4AA460C-178A-4D45-A044-982BCD9AFC63}.Debug|Any CPU.Build.0 = Debug|Any CPU
		{B4AA460C-178A-4D45-A044-982BCD9AFC63}.Release|Any CPU.ActiveCfg = Release|Any CPU
		{B4AA460C-178A-4D45-A044-982BCD9AFC63}.Release|Any CPU.Build.0 = Release|Any CPU
		{6AE96BD7-0C51-45EB-9776-B8EA50E4CAAF}.Debug|Any CPU.ActiveCfg = Debug|Any CPU
		{6AE96BD7-0C51-45EB-9776-B8EA50E4CAAF}.Debug|Any CPU.Build.0 = Debug|Any CPU
		{6AE96BD7-0C51-45EB-9776-B8EA50E4CAAF}.Release|Any CPU.ActiveCfg = Release|Any CPU
		{6AE96BD7-0C51-45EB-9776-B8EA50E4CAAF}.Release|Any CPU.Build.0 = Release|Any CPU
	EndGlobalSection
	GlobalSection(SolutionProperties) = preSolution
		HideSolutionNode = FALSE
	EndGlobalSection
	GlobalSection(ExtensibilityGlobals) = postSolution
		SolutionGuid = {D28779F1-4C9B-42FC-835A-A76FB48138ED}
	EndGlobalSection
EndGlobal
